{
  "name": "@erickwendel/meme-maker-docker-example",
  "version": "1.0.0",
  "lockfileVersion": 2,
  "requires": true,
  "packages": {
    "": {
      "name": "@erickwendel/meme-maker-docker-example",
      "version": "1.0.0",
      "license": "ISC",
      "dependencies": {
        "@erickwendel/meme-maker": "^3.0.0"
      }
    },
    "node_modules/@erickwendel/meme-maker": {
      "version": "3.0.0",
      "resolved": "https://registry.npmjs.org/@erickwendel/meme-maker/-/meme-maker-3.0.0.tgz",
      "integrity": "sha512-rwzWMNlL+tZVkmnzi0jLt7lX/2F7pDo/aBSeIz3LH83z9cN/YHoss6YQVdXgUNbBidZh4e5TK3Hg+0odPQoQ9A=="
    }
  },
  "dependencies": {
    "@erickwendel/meme-maker": {
      "version": "3.0.0",
      "resolved": "https://registry.npmjs.org/@erickwendel/meme-maker/-/meme-maker-3.0.0.tgz",
      "integrity": "sha512-rwzWMNlL+tZVkmnzi0jLt7lX/2F7pDo/aBSeIz3LH83z9cN/YHoss6YQVdXgUNbBidZh4e5TK3Hg+0odPQoQ9A=="
    }
  }
}
